
Microsoft Visual Studio Solution File, Format Version 12.00
# Visual Studio Version 16
VisualStudioVersion = 16.0.30523.141
MinimumVisualStudioVersion = 10.0.40219.1
Project("{9A19103F-16F7-4668-BE54-9A1E7A4F7556}") = "NMC", "NMC\NMC.csproj", "{7757F7D8-A783-4F7E-8B18-04BB335214EE}"
EndProject
Project("{2150E333-8FDC-42A3-9474-1A3956D46DE8}") = "Solution Items", "Solution Items", "{8F2C60D6-C56A-44C4-9512-735DE7FAA537}"
	ProjectSection(SolutionItems) = preProject
		NMC-lang.xlsx = NMC-lang.xlsx
	EndProjectSection
EndProject
Project("{9A19103F-16F7-4668-BE54-9A1E7A4F7556}") = "NMC.Domain", "NMC.Domain\NMC.Domain.csproj", "{6D2ABAE0-DDC8-4FF9-A084-7818DF7A5A0A}"
EndProject
Project("{9A19103F-16F7-4668-BE54-9A1E7A4F7556}") = "NMC.Core", "NMC.Core\NMC.Core.csproj", "{02429897-5D4E-4A60-8829-4770FEBC5CFB}"
EndProject
Project("{9A19103F-16F7-4668-BE54-9A1E7A4F7556}") = "NMC.Infrastructure", "NMC.Infrastructure\NMC.Infrastructure.csproj", "{E72BDEE1-E3C4-4635-8070-1C868B9D3B8B}"
EndProject
Project("{FAE04EC0-301F-11D3-BF4B-00C04F79EFBC}") = "NMCUI", "NMCUI\NMCUI.csproj", "{D5CE7272-E1B5-4A36-9EFF-62928DBAC7B1}"
EndProject
Global
	GlobalSection(SolutionConfigurationPlatforms) = preSolution
		Debug|Any CPU = Debug|Any CPU
		Release|Any CPU = Release|Any CPU
	EndGlobalSection
	GlobalSection(ProjectConfigurationPlatforms) = postSolution
		{7757F7D8-A783-4F7E-8B18-04BB335214EE}.Debug|Any CPU.ActiveCfg = Debug|Any CPU
		{7757F7D8-A783-4F7E-8B18-04BB335214EE}.Debug|Any CPU.Build.0 = Debug|Any CPU
		{7757F7D8-A783-4F7E-8B18-04BB335214EE}.Release|Any CPU.ActiveCfg = Release|Any CPU
		{7757F7D8-A783-4F7E-8B18-04BB335214EE}.Release|Any CPU.Build.0 = Release|Any CPU
		{6D2ABAE0-DDC8-4FF9-A084-7818DF7A5A0A}.Debug|Any CPU.ActiveCfg = Debug|Any CPU
		{6D2ABAE0-DDC8-4FF9-A084-7818DF7A5A0A}.Debug|Any CPU.Build.0 = Debug|Any CPU
		{6D2ABAE0-DDC8-4FF9-A084-7818DF7A5A0A}.Release|Any CPU.ActiveCfg = Release|Any CPU
		{6D2ABAE0-DDC8-4FF9-A084-7818DF7A5A0A}.Release|Any CPU.Build.0 = Release|Any CPU
		{02429897-5D4E-4A60-8829-4770FEBC5CFB}.Debug|Any CPU.ActiveCfg = Debug|Any CPU
		{02429897-5D4E-4A60-8829-4770FEBC5CFB}.Debug|Any CPU.Build.0 = Debug|Any CPU
		{02429897-5D4E-4A60-8829-4770FEBC5CFB}.Release|Any CPU.ActiveCfg = Release|Any CPU
		{02429897-5D4E-4A60-8829-4770FEBC5CFB}.Release|Any CPU.Build.0 = Release|Any CPU
		{E72BDEE1-E3C4-4635-8070-1C868B9D3B8B}.Debug|Any CPU.ActiveCfg = Debug|Any CPU
		{E72BDEE1-E3C4-4635-8070-1C868B9D3B8B}.Debug|Any CPU.Build.0 = Debug|Any CPU
		{E72BDEE1-E3C4-4635-8070-1C868B9D3B8B}.Release|Any CPU.ActiveCfg = Release|Any CPU
		{E72BDEE1-E3C4-4635-8070-1C868B9D3B8B}.Release|Any CPU.Build.0 = Release|Any CPU
		{D5CE7272-E1B5-4A36-9EFF-62928DBAC7B1}.Debug|Any CPU.ActiveCfg = Debug|Any CPU
		{D5CE7272-E1B5-4A36-9EFF-62928DBAC7B1}.Debug|Any CPU.Build.0 = Debug|Any CPU
		{D5CE7272-E1B5-4A36-9EFF-62928DBAC7B1}.Release|Any CPU.ActiveCfg = Release|Any CPU
		{D5CE7272-E1B5-4A36-9EFF-62928DBAC7B1}.Release|Any CPU.Build.0 = Release|Any CPU
	EndGlobalSection
	GlobalSection(SolutionProperties) = preSolution
		HideSolutionNode = FALSE
	EndGlobalSection
	GlobalSection(ExtensibilityGlobals) = postSolution
		SolutionGuid = {BE6B59CE-4C0E-4298-9EEB-A0D413DFBBE6}
	EndGlobalSection
EndGlobal
